
Microsoft Visual Studio Solution File, Format Version 12.00
# Visual Studio Version 16
VisualStudioVersion = 16.0.32002.261
MinimumVisualStudioVersion = 10.0.40219.1
Project("{9A19103F-16F7-4668-BE54-9A1E7A4F7556}") = "ulox.core", "ulox.core\ulox.core.csproj", "{E1907AB2-7EE6-4494-A737-02031F7C4AF2}"
EndProject
Project("{9A19103F-16F7-4668-BE54-9A1E7A4F7556}") = "ulox.core.tests", "ulox.core.tests\ulox.core.tests.csproj", "{87F3810E-371B-4ADE-9A44-10D5F742A4EE}"
EndProject
Project("{FAE04EC0-301F-11D3-BF4B-00C04F79EFBC}") = "ulox.core.bench", "ulox.core.bench\ulox.core.bench.csproj", "{CA6C4173-40F1-485A-9CD2-7399943E7653}"
	ProjectSection(ProjectDependencies) = postProject
		{E1907AB2-7EE6-4494-A737-02031F7C4AF2} = {E1907AB2-7EE6-4494-A737-02031F7C4AF2}
	EndProjectSection
EndProject
Global
	GlobalSection(SolutionConfigurationPlatforms) = preSolution
		Debug|Any CPU = Debug|Any CPU
		Release|Any CPU = Release|Any CPU
	EndGlobalSection
	GlobalSection(ProjectConfigurationPlatforms) = postSolution
		{E1907AB2-7EE6-4494-A737-02031F7C4AF2}.Debug|Any CPU.ActiveCfg = Debug|Any CPU
		{E1907AB2-7EE6-4494-A737-02031F7C4AF2}.Debug|Any CPU.Build.0 = Debug|Any CPU
		{E1907AB2-7EE6-4494-A737-02031F7C4AF2}.Release|Any CPU.ActiveCfg = Release|Any CPU
		{E1907AB2-7EE6-4494-A737-02031F7C4AF2}.Release|Any CPU.Build.0 = Release|Any CPU
		{87F3810E-371B-4ADE-9A44-10D5F742A4EE}.Debug|Any CPU.ActiveCfg = Debug|Any CPU
		{87F3810E-371B-4ADE-9A44-10D5F742A4EE}.Debug|Any CPU.Build.0 = Debug|Any CPU
		{87F3810E-371B-4ADE-9A44-10D5F742A4EE}.Release|Any CPU.ActiveCfg = Release|Any CPU
		{87F3810E-371B-4ADE-9A44-10D5F742A4EE}.Release|Any CPU.Build.0 = Release|Any CPU
		{CA6C4173-40F1-485A-9CD2-7399943E7653}.Debug|Any CPU.ActiveCfg = Debug|Any CPU
		{CA6C4173-40F1-485A-9CD2-7399943E7653}.Debug|Any CPU.Build.0 = Debug|Any CPU
		{CA6C4173-40F1-485A-9CD2-7399943E7653}.Release|Any CPU.ActiveCfg = Release|Any CPU
		{CA6C4173-40F1-485A-9CD2-7399943E7653}.Release|Any CPU.Build.0 = Release|Any CPU
	EndGlobalSection
	GlobalSection(SolutionProperties) = preSolution
		HideSolutionNode = FALSE
	EndGlobalSection
	GlobalSection(ExtensibilityGlobals) = postSolution
		SolutionGuid = {1F90804E-279E-4BF3-9357-DA147FC0664E}
	EndGlobalSection
EndGlobal
